
Microsoft Visual Studio Solution File, Format Version 12.00
# Visual Studio Version 16
VisualStudioVersion = 16.0.31321.278
MinimumVisualStudioVersion = 10.0.40219.1
Project("{FAE04EC0-301F-11D3-BF4B-00C04F79EFBC}") = "FamilyTreeCreation", "FamilyTreeCreation\FamilyTreeCreation.csproj", "{98494463-DB6A-4B50-A1C7-450F2BF01CAC}"
EndProject
Global
	GlobalSection(SolutionConfigurationPlatforms) = preSolution
		Debug|Any CPU = Debug|Any CPU
		Release|Any CPU = Release|Any CPU
	EndGlobalSection
	GlobalSection(ProjectConfigurationPlatforms) = postSolution
		{98494463-DB6A-4B50-A1C7-450F2BF01CAC}.Debug|Any CPU.ActiveCfg = Debug|Any CPU
		{98494463-DB6A-4B50-A1C7-450F2BF01CAC}.Debug|Any CPU.Build.0 = Debug|Any CPU
		{98494463-DB6A-4B50-A1C7-450F2BF01CAC}.Release|Any CPU.ActiveCfg = Release|Any CPU
		{98494463-DB6A-4B50-A1C7-450F2BF01CAC}.Release|Any CPU.Build.0 = Release|Any CPU
	EndGlobalSection
	GlobalSection(SolutionProperties) = preSolution
		HideSolutionNode = FALSE
	EndGlobalSection
	GlobalSection(ExtensibilityGlobals) = postSolution
		SolutionGuid = {E717FB41-EB38-4C8C-823E-854AB728BAC6}
	EndGlobalSection
EndGlobal
